
Microsoft Visual Studio Solution File, Format Version 12.00
# Visual Studio Version 16
VisualStudioVersion = 16.0.30621.155
MinimumVisualStudioVersion = 10.0.40219.1
Project("{FAE04EC0-301F-11D3-BF4B-00C04F79EFBC}") = "DependencyInjection", "DesignPatterns\DependencyInjection.csproj", "{A2215263-44DE-4236-B5B8-674929ED3567}"
EndProject
Project("{FAE04EC0-301F-11D3-BF4B-00C04F79EFBC}") = "SingletonPattern", "SingletonPattern\SingletonPattern.csproj", "{CADED379-3FEA-4197-9466-7FEB75308080}"
EndProject
Project("{FAE04EC0-301F-11D3-BF4B-00C04F79EFBC}") = "BuilderPattern", "BuilderPattern\BuilderPattern.csproj", "{B2A18D62-DE52-4207-989A-B0960114C2BC}"
EndProject
Project("{FAE04EC0-301F-11D3-BF4B-00C04F79EFBC}") = "ChainOfResponsibilityPattern", "ChainOfResponsibilityPattern\ChainOfResponsibilityPattern.csproj", "{CDE878FF-F370-413E-BD83-093F3698D596}"
EndProject
Project("{FAE04EC0-301F-11D3-BF4B-00C04F79EFBC}") = "DecoratorPattern", "DecoratorPattern\DecoratorPattern.csproj", "{5811DDBE-773C-48D8-BBC3-29B0D7A5C9A9}"
EndProject
Global
	GlobalSection(SolutionConfigurationPlatforms) = preSolution
		Debug|Any CPU = Debug|Any CPU
		Release|Any CPU = Release|Any CPU
	EndGlobalSection
	GlobalSection(ProjectConfigurationPlatforms) = postSolution
		{A2215263-44DE-4236-B5B8-674929ED3567}.Debug|Any CPU.ActiveCfg = Debug|Any CPU
		{A2215263-44DE-4236-B5B8-674929ED3567}.Debug|Any CPU.Build.0 = Debug|Any CPU
		{A2215263-44DE-4236-B5B8-674929ED3567}.Release|Any CPU.ActiveCfg = Release|Any CPU
		{A2215263-44DE-4236-B5B8-674929ED3567}.Release|Any CPU.Build.0 = Release|Any CPU
		{CADED379-3FEA-4197-9466-7FEB75308080}.Debug|Any CPU.ActiveCfg = Debug|Any CPU
		{CADED379-3FEA-4197-9466-7FEB75308080}.Debug|Any CPU.Build.0 = Debug|Any CPU
		{CADED379-3FEA-4197-9466-7FEB75308080}.Release|Any CPU.ActiveCfg = Release|Any CPU
		{CADED379-3FEA-4197-9466-7FEB75308080}.Release|Any CPU.Build.0 = Release|Any CPU
		{B2A18D62-DE52-4207-989A-B0960114C2BC}.Debug|Any CPU.ActiveCfg = Debug|Any CPU
		{B2A18D62-DE52-4207-989A-B0960114C2BC}.Debug|Any CPU.Build.0 = Debug|Any CPU
		{B2A18D62-DE52-4207-989A-B0960114C2BC}.Release|Any CPU.ActiveCfg = Release|Any CPU
		{B2A18D62-DE52-4207-989A-B0960114C2BC}.Release|Any CPU.Build.0 = Release|Any CPU
		{CDE878FF-F370-413E-BD83-093F3698D596}.Debug|Any CPU.ActiveCfg = Debug|Any CPU
		{CDE878FF-F370-413E-BD83-093F3698D596}.Debug|Any CPU.Build.0 = Debug|Any CPU
		{CDE878FF-F370-413E-BD83-093F3698D596}.Release|Any CPU.ActiveCfg = Release|Any CPU
		{CDE878FF-F370-413E-BD83-093F3698D596}.Release|Any CPU.Build.0 = Release|Any CPU
		{5811DDBE-773C-48D8-BBC3-29B0D7A5C9A9}.Debug|Any CPU.ActiveCfg = Debug|Any CPU
		{5811DDBE-773C-48D8-BBC3-29B0D7A5C9A9}.Debug|Any CPU.Build.0 = Debug|Any CPU
		{5811DDBE-773C-48D8-BBC3-29B0D7A5C9A9}.Release|Any CPU.ActiveCfg = Release|Any CPU
		{5811DDBE-773C-48D8-BBC3-29B0D7A5C9A9}.Release|Any CPU.Build.0 = Release|Any CPU
	EndGlobalSection
	GlobalSection(SolutionProperties) = preSolution
		HideSolutionNode = FALSE
	EndGlobalSection
	GlobalSection(ExtensibilityGlobals) = postSolution
		SolutionGuid = {B45E5BCC-D907-497F-BAC4-489A31FC1DE1}
	EndGlobalSection
EndGlobal
